
Microsoft Visual Studio Solution File, Format Version 12.00
# Visual Studio Version 17
VisualStudioVersion = 17.0.31903.59
MinimumVisualStudioVersion = 10.0.40219.1
Project("{2150E333-8FDC-42A3-9474-1A3956D46DE8}") = "src", "src", "{827E0CD3-B72D-47B6-A68D-7590B98EB39B}"
EndProject
Project("{FAE04EC0-301F-11D3-BF4B-00C04F79EFBC}") = "MasoloAgro.Domain", "src\MasoloAgro.Domain\MasoloAgro.Domain.csproj", "{B6EE3246-5877-46AC-AD40-15D9F8C3C266}"
EndProject
Project("{FAE04EC0-301F-11D3-BF4B-00C04F79EFBC}") = "MasoloAgro.Application", "src\MasoloAgro.Application\MasoloAgro.Application.csproj", "{346E1D30-C912-4F71-A56B-5DA5F2B97089}"
EndProject
Project("{FAE04EC0-301F-11D3-BF4B-00C04F79EFBC}") = "MasoloAgro.Infrastructure", "src\MasoloAgro.Infrastructure\MasoloAgro.Infrastructure.csproj", "{F78F3BC3-7E74-4157-B356-745D2DCB0E33}"
EndProject
Project("{FAE04EC0-301F-11D3-BF4B-00C04F79EFBC}") = "MasoloAgro.App", "src\MasoloAgro.App\MasoloAgro.App.csproj", "{D4D63F6E-E912-49B5-9327-2C839CCF3C1A}"
EndProject
Project("{FAE04EC0-301F-11D3-BF4B-00C04F79EFBC}") = "MasoloAgro.Tests", "src\MasoloAgro.Tests\MasoloAgro.Tests.csproj", "{B44C9A18-5FA1-4AE8-800F-94A16F68F393}"
EndProject
Global
	GlobalSection(SolutionConfigurationPlatforms) = preSolution
		Debug|Any CPU = Debug|Any CPU
		Debug|x64 = Debug|x64
		Debug|x86 = Debug|x86
		Release|Any CPU = Release|Any CPU
		Release|x64 = Release|x64
		Release|x86 = Release|x86
	EndGlobalSection
	GlobalSection(ProjectConfigurationPlatforms) = postSolution
		{B6EE3246-5877-46AC-AD40-15D9F8C3C266}.Debug|Any CPU.ActiveCfg = Debug|Any CPU
		{B6EE3246-5877-46AC-AD40-15D9F8C3C266}.Debug|Any CPU.Build.0 = Debug|Any CPU
		{B6EE3246-5877-46AC-AD40-15D9F8C3C266}.Debug|x64.ActiveCfg = Debug|Any CPU
		{B6EE3246-5877-46AC-AD40-15D9F8C3C266}.Debug|x64.Build.0 = Debug|Any CPU
		{B6EE3246-5877-46AC-AD40-15D9F8C3C266}.Debug|x86.ActiveCfg = Debug|Any CPU
		{B6EE3246-5877-46AC-AD40-15D9F8C3C266}.Debug|x86.Build.0 = Debug|Any CPU
		{B6EE3246-5877-46AC-AD40-15D9F8C3C266}.Release|Any CPU.ActiveCfg = Release|Any CPU
		{B6EE3246-5877-46AC-AD40-15D9F8C3C266}.Release|Any CPU.Build.0 = Release|Any CPU
		{B6EE3246-5877-46AC-AD40-15D9F8C3C266}.Release|x64.ActiveCfg = Release|Any CPU
		{B6EE3246-5877-46AC-AD40-15D9F8C3C266}.Release|x64.Build.0 = Release|Any CPU
		{B6EE3246-5877-46AC-AD40-15D9F8C3C266}.Release|x86.ActiveCfg = Release|Any CPU
		{B6EE3246-5877-46AC-AD40-15D9F8C3C266}.Release|x86.Build.0 = Release|Any CPU
		{346E1D30-C912-4F71-A56B-5DA5F2B97089}.Debug|Any CPU.ActiveCfg = Debug|Any CPU
		{346E1D30-C912-4F71-A56B-5DA5F2B97089}.Debug|Any CPU.Build.0 = Debug|Any CPU
		{346E1D30-C912-4F71-A56B-5DA5F2B97089}.Debug|x64.ActiveCfg = Debug|Any CPU
		{346E1D30-C912-4F71-A56B-5DA5F2B97089}.Debug|x64.Build.0 = Debug|Any CPU
		{346E1D30-C912-4F71-A56B-5DA5F2B97089}.Debug|x86.ActiveCfg = Debug|Any CPU
		{346E1D30-C912-4F71-A56B-5DA5F2B97089}.Debug|x86.Build.0 = Debug|Any CPU
		{346E1D30-C912-4F71-A56B-5DA5F2B97089}.Release|Any CPU.ActiveCfg = Release|Any CPU
		{346E1D30-C912-4F71-A56B-5DA5F2B97089}.Release|Any CPU.Build.0 = Release|Any CPU
		{346E1D30-C912-4F71-A56B-5DA5F2B97089}.Release|x64.ActiveCfg = Release|Any CPU
		{346E1D30-C912-4F71-A56B-5DA5F2B97089}.Release|x64.Build.0 = Release|Any CPU
		{346E1D30-C912-4F71-A56B-5DA5F2B97089}.Release|x86.ActiveCfg = Release|Any CPU
		{346E1D30-C912-4F71-A56B-5DA5F2B97089}.Release|x86.Build.0 = Release|Any CPU
		{F78F3BC3-7E74-4157-B356-745D2DCB0E33}.Debug|Any CPU.ActiveCfg = Debug|Any CPU
		{F78F3BC3-7E74-4157-B356-745D2DCB0E33}.Debug|Any CPU.Build.0 = Debug|Any CPU
		{F78F3BC3-7E74-4157-B356-745D2DCB0E33}.Debug|x64.ActiveCfg = Debug|Any CPU
		{F78F3BC3-7E74-4157-B356-745D2DCB0E33}.Debug|x64.Build.0 = Debug|Any CPU
		{F78F3BC3-7E74-4157-B356-745D2DCB0E33}.Debug|x86.ActiveCfg = Debug|Any CPU
		{F78F3BC3-7E74-4157-B356-745D2DCB0E33}.Debug|x86.Build.0 = Debug|Any CPU
		{F78F3BC3-7E74-4157-B356-745D2DCB0E33}.Release|Any CPU.ActiveCfg = Release|Any CPU
		{F78F3BC3-7E74-4157-B356-745D2DCB0E33}.Release|Any CPU.Build.0 = Release|Any CPU
		{F78F3BC3-7E74-4157-B356-745D2DCB0E33}.Release|x64.ActiveCfg = Release|Any CPU
		{F78F3BC3-7E74-4157-B356-745D2DCB0E33}.Release|x64.Build.0 = Release|Any CPU
		{F78F3BC3-7E74-4157-B356-745D2DCB0E33}.Release|x86.ActiveCfg = Release|Any CPU
		{F78F3BC3-7E74-4157-B356-745D2DCB0E33}.Release|x86.Build.0 = Release|Any CPU
		{D4D63F6E-E912-49B5-9327-2C839CCF3C1A}.Debug|Any CPU.ActiveCfg = Debug|Any CPU
		{D4D63F6E-E912-49B5-9327-2C839CCF3C1A}.Debug|Any CPU.Build.0 = Debug|Any CPU
		{D4D63F6E-E912-49B5-9327-2C839CCF3C1A}.Debug|x64.ActiveCfg = Debug|Any CPU
		{D4D63F6E-E912-49B5-9327-2C839CCF3C1A}.Debug|x64.Build.0 = Debug|Any CPU
		{D4D63F6E-E912-49B5-9327-2C839CCF3C1A}.Debug|x86.ActiveCfg = Debug|Any CPU
		{D4D63F6E-E912-49B5-9327-2C839CCF3C1A}.Debug|x86.Build.0 = Debug|Any CPU
		{D4D63F6E-E912-49B5-9327-2C839CCF3C1A}.Release|Any CPU.ActiveCfg = Release|Any CPU
		{D4D63F6E-E912-49B5-9327-2C839CCF3C1A}.Release|Any CPU.Build.0 = Release|Any CPU
		{D4D63F6E-E912-49B5-9327-2C839CCF3C1A}.Release|x64.ActiveCfg = Release|Any CPU
		{D4D63F6E-E912-49B5-9327-2C839CCF3C1A}.Release|x64.Build.0 = Release|Any CPU
		{D4D63F6E-E912-49B5-9327-2C839CCF3C1A}.Release|x86.ActiveCfg = Release|Any CPU
		{D4D63F6E-E912-49B5-9327-2C839CCF3C1A}.Release|x86.Build.0 = Release|Any CPU
		{B44C9A18-5FA1-4AE8-800F-94A16F68F393}.Debug|Any CPU.ActiveCfg = Debug|Any CPU
		{B44C9A18-5FA1-4AE8-800F-94A16F68F393}.Debug|Any CPU.Build.0 = Debug|Any CPU
		{B44C9A18-5FA1-4AE8-800F-94A16F68F393}.Debug|x64.ActiveCfg = Debug|Any CPU
		{B44C9A18-5FA1-4AE8-800F-94A16F68F393}.Debug|x64.Build.0 = Debug|Any CPU
		{B44C9A18-5FA1-4AE8-800F-94A16F68F393}.Debug|x86.ActiveCfg = Debug|Any CPU
		{B44C9A18-5FA1-4AE8-800F-94A16F68F393}.Debug|x86.Build.0 = Debug|Any CPU
		{B44C9A18-5FA1-4AE8-800F-94A16F68F393}.Release|Any CPU.ActiveCfg = Release|Any CPU
		{B44C9A18-5FA1-4AE8-800F-94A16F68F393}.Release|Any CPU.Build.0 = Release|Any CPU
		{B44C9A18-5FA1-4AE8-800F-94A16F68F393}.Release|x64.ActiveCfg = Release|Any CPU
		{B44C9A18-5FA1-4AE8-800F-94A16F68F393}.Release|x64.Build.0 = Release|Any CPU
		{B44C9A18-5FA1-4AE8-800F-94A16F68F393}.Release|x86.ActiveCfg = Release|Any CPU
		{B44C9A18-5FA1-4AE8-800F-94A16F68F393}.Release|x86.Build.0 = Release|Any CPU
	EndGlobalSection
	GlobalSection(SolutionProperties) = preSolution
		HideSolutionNode = FALSE
	EndGlobalSection
	GlobalSection(NestedProjects) = preSolution
		{B6EE3246-5877-46AC-AD40-15D9F8C3C266} = {827E0CD3-B72D-47B6-A68D-7590B98EB39B}
		{346E1D30-C912-4F71-A56B-5DA5F2B97089} = {827E0CD3-B72D-47B6-A68D-7590B98EB39B}
		{F78F3BC3-7E74-4157-B356-745D2DCB0E33} = {827E0CD3-B72D-47B6-A68D-7590B98EB39B}
		{D4D63F6E-E912-49B5-9327-2C839CCF3C1A} = {827E0CD3-B72D-47B6-A68D-7590B98EB39B}
		{B44C9A18-5FA1-4AE8-800F-94A16F68F393} = {827E0CD3-B72D-47B6-A68D-7590B98EB39B}
	EndGlobalSection
EndGlobal
